github.com/calico32/genpass v0.0.0-20250317195501-bbd69d1b760a h1:aIC5Bb49VfOHLqvLyxw9/XjLUiizoyVVQ6W07Y1OpJY=
github.com/calico32/genpass v0.0.0-20250317195501-bbd69d1b760a/go.mod h1:p2ztIP14tXT2MMNb8mFBIysQXdUIBlJ4hQG8VPseIUY=
github.com/calico32/kdl-go v0.0.0-20250522212941-7a79781dd770 h1:y6M+V0p54TUjVfYjheaH75lIatwByPKYgmsHN+/ykmU=
github.com/calico32/kdl-go v0.0.0-20250522212941-7a79781dd770/go.mod h1:8Dv7lzYc6IOFYT4IOJej5Lp580BjqbWV2sSd/EFPmS4=
github.com/dave/jennifer v1.4.1/go.mod h1:7jEdnm+qBcxl8PC0zyp7vxcpSRnzXSt9r39tpTVGlwA=
github.com/diamondburned/gotk-layer-shell v0.0.0-20210707042423-c825972a7b7e h1:6bk0ZzXzOtpj4MknRDYGZj9ac0OoKwSrUm0JPvBJP7Y=
github.com/diamondburned/gotk-layer-shell v0.0.0-20210707042423-c825972a7b7e/go.mod h1:/Av5M5Xp+uPZRB4Kldm6fkBmnVktra9kNltFeDIUsxI=
github.com/fsnotify/fsnotify v1.9.0 h1:2Ml+OJNzbYCTzsxtv8vKSFD9PbJjmhYF14k/jKC7S9k=
github.com/fsnotify/fsnotify v1.9.0/go.mod h1:8jBTzvmWwFyi3Pb8djgCCO5IBqzKJ/Jwo8TRcHyHii0=
github.com/gotk3/gotk3 v0.6.1-0.20210609193822-09574ad45bbe/go.mod h1:/hqFpkNa9T3JgNAE2fLvCdov7c5bw//FHNZrZ3Uv9/Q=
github.com/gotk3/gotk3 v0.6.5-0.20240618185848-ff349ae13f56 h1:eR+xxC8qqKuPMTucZqaklBxLIT7/4L7dzhlwKMrDbj8=
github.com/gotk3/gotk3 v0.6.5-0.20240618185848-ff349ae13f56/go.mod h1:/hqFpkNa9T3JgNAE2fLvCdov7c5bw//FHNZrZ3Uv9/Q=
github.com/mitchellh/go-wordwrap v1.0.1/go.mod h1:R62XHJLzvMFRBbcrT7m7WgmE1eOyTSsCt+hzestvNj0=
github.com/pkg/errors v0.9.1 h1:FEBLx1zS214owpjy7qsBeixbURkuhQAwrK5UwLGTwt4=
github.com/pkg/errors v0.9.1/go.mod h1:bwawxfHBFNV+L2hUp1rHADufV3IMtnDRdf1r5NINEl0=
golang.org/x/sys v0.13.0 h1:Af8nKPmuFypiUBjVoU9V20FiaFXOcuZI21p0ycVYYGE=
golang.org/x/sys v0.13.0/go.mod h1:oPkhp1MJrh7nUepCBck5+mAzfO9JrbApNNgaTdGDITg=
rsc.io/getopt v0.0.0-20170811000552-20be20937449 h1:UukjJOsjQH0DIuyyrcod6CXHS6cdaMMuJmrt+SN1j4A=
rsc.io/getopt v0.0.0-20170811000552-20be20937449/go.mod h1:dhCdeqAxkyt5u3/sKRkUXuHaMXUu1Pt13GTQAM2xnig=
